
Microsoft Visual Studio Solution File, Format Version 12.00
# Visual Studio 15
VisualStudioVersion = 15.0.28307.539
MinimumVisualStudioVersion = 10.0.40219.1
Project("{FAE04EC0-301F-11D3-BF4B-00C04F79EFBC}") = "CsharpDemo", "CsharpDemo.csproj", "{D4B12829-EDA1-4167-AFFC-454B5E14A810}"
EndProject
Global
	GlobalSection(SolutionConfigurationPlatforms) = preSolution
		Debug|Any CPU = Debug|Any CPU
		Release|Any CPU = Release|Any CPU
	EndGlobalSection
	GlobalSection(ProjectConfigurationPlatforms) = postSolution
		{D4B12829-EDA1-4167-AFFC-454B5E14A810}.Debug|Any CPU.ActiveCfg = Debug|Any CPU
		{D4B12829-EDA1-4167-AFFC-454B5E14A810}.Debug|Any CPU.Build.0 = Debug|Any CPU
		{D4B12829-EDA1-4167-AFFC-454B5E14A810}.Release|Any CPU.ActiveCfg = Release|Any CPU
		{D4B12829-EDA1-4167-AFFC-454B5E14A810}.Release|Any CPU.Build.0 = Release|Any CPU
	EndGlobalSection
	GlobalSection(SolutionProperties) = preSolution
		HideSolutionNode = FALSE
	EndGlobalSection
	GlobalSection(ExtensibilityGlobals) = postSolution
		SolutionGuid = {E5D2437B-5DF6-45F2-B884-04275186380C}
	EndGlobalSection
EndGlobal
